
Microsoft Visual Studio Solution File, Format Version 12.00
# Visual Studio Version 17
VisualStudioVersion = 17.1.32228.430
MinimumVisualStudioVersion = 10.0.40219.1
Project("{FAE04EC0-301F-11D3-BF4B-00C04F79EFBC}") = "TFRestApiApp", "TFRestApiApp\TFRestApiApp.csproj", "{BFA94C99-4335-4ACF-B636-7D4DCD6468D1}"
EndProject
Project("{FAE04EC0-301F-11D3-BF4B-00C04F79EFBC}") = "interactwithAzDo", "interactwithAzDo\interactwithAzDo.csproj", "{F2F29493-16F4-403F-B2A1-C0F233D5206D}"
EndProject
Global
	GlobalSection(SolutionConfigurationPlatforms) = preSolution
		Debug|Any CPU = Debug|Any CPU
		Release|Any CPU = Release|Any CPU
	EndGlobalSection
	GlobalSection(ProjectConfigurationPlatforms) = postSolution
		{BFA94C99-4335-4ACF-B636-7D4DCD6468D1}.Debug|Any CPU.ActiveCfg = Debug|Any CPU
		{BFA94C99-4335-4ACF-B636-7D4DCD6468D1}.Debug|Any CPU.Build.0 = Debug|Any CPU
		{BFA94C99-4335-4ACF-B636-7D4DCD6468D1}.Release|Any CPU.ActiveCfg = Release|Any CPU
		{BFA94C99-4335-4ACF-B636-7D4DCD6468D1}.Release|Any CPU.Build.0 = Release|Any CPU
		{F2F29493-16F4-403F-B2A1-C0F233D5206D}.Debug|Any CPU.ActiveCfg = Debug|Any CPU
		{F2F29493-16F4-403F-B2A1-C0F233D5206D}.Debug|Any CPU.Build.0 = Debug|Any CPU
		{F2F29493-16F4-403F-B2A1-C0F233D5206D}.Release|Any CPU.ActiveCfg = Release|Any CPU
		{F2F29493-16F4-403F-B2A1-C0F233D5206D}.Release|Any CPU.Build.0 = Release|Any CPU
	EndGlobalSection
	GlobalSection(SolutionProperties) = preSolution
		HideSolutionNode = FALSE
	EndGlobalSection
	GlobalSection(ExtensibilityGlobals) = postSolution
		SolutionGuid = {7DC3EB72-62DF-4B2B-AFA7-376A9691A3ED}
	EndGlobalSection
EndGlobal
